
Microsoft Visual Studio Solution File, Format Version 12.00
Project("{FAE04EC0-301F-11D3-BF4B-00C04F79EFBC}") = "HelloWorldPublisher", "HelloWorldPublisher\HelloWorldPublisher.csproj", "{BFCAFDB1-9C05-43C7-BBCA-E1286FC846C4}"
EndProject
Project("{FAE04EC0-301F-11D3-BF4B-00C04F79EFBC}") = "HelloWorldSubscriber", "HelloWorldSubscriber\HelloWorldSubscriber.csproj", "{FF559F39-9578-4AEC-B62A-E5527F1B4052}"
EndProject
Project("{FAE04EC0-301F-11D3-BF4B-00C04F79EFBC}") = "TestMessage", "TestMessage\TestMessage.csproj", "{F528DA91-091D-4243-94B5-511414FD2989}"
EndProject
Global
	GlobalSection(SolutionConfigurationPlatforms) = preSolution
		Release|x64 = Release|x64
		Release|ARM64 = Release|ARM64
		Release|x86 = Release|x86
		Debug|x64 = Debug|x64
		Debug|ARM64 = Debug|ARM64
		Debug|x86 = Debug|x86
	EndGlobalSection
	GlobalSection(ProjectConfigurationPlatforms) = postSolution
		{BFCAFDB1-9C05-43C7-BBCA-E1286FC846C4}.Release|x64.ActiveCfg = Release|x64
		{BFCAFDB1-9C05-43C7-BBCA-E1286FC846C4}.Release|x64.Build.0 = Release|x64
		{BFCAFDB1-9C05-43C7-BBCA-E1286FC846C4}.Debug|x64.ActiveCfg = Debug|x64
		{BFCAFDB1-9C05-43C7-BBCA-E1286FC846C4}.Debug|x64.Build.0 = Debug|x64
		{BFCAFDB1-9C05-43C7-BBCA-E1286FC846C4}.Debug|ARM64.ActiveCfg = Debug|ARM64
		{BFCAFDB1-9C05-43C7-BBCA-E1286FC846C4}.Debug|ARM64.Build.0 = Debug|ARM64
		{BFCAFDB1-9C05-43C7-BBCA-E1286FC846C4}.Release|ARM64.ActiveCfg = Release|ARM64
		{BFCAFDB1-9C05-43C7-BBCA-E1286FC846C4}.Release|ARM64.Build.0 = Release|ARM64
		{BFCAFDB1-9C05-43C7-BBCA-E1286FC846C4}.Debug|x86.ActiveCfg = Debug|x86
		{BFCAFDB1-9C05-43C7-BBCA-E1286FC846C4}.Debug|x86.Build.0 = Debug|x86
		{BFCAFDB1-9C05-43C7-BBCA-E1286FC846C4}.Release|x86.ActiveCfg = Release|x86
		{BFCAFDB1-9C05-43C7-BBCA-E1286FC846C4}.Release|x86.Build.0 = Release|x86
		{FF559F39-9578-4AEC-B62A-E5527F1B4052}.Release|x64.ActiveCfg = Release|x64
		{FF559F39-9578-4AEC-B62A-E5527F1B4052}.Release|x64.Build.0 = Release|x64
		{FF559F39-9578-4AEC-B62A-E5527F1B4052}.Debug|x64.ActiveCfg = Debug|x64
		{FF559F39-9578-4AEC-B62A-E5527F1B4052}.Debug|x64.Build.0 = Debug|x64
		{FF559F39-9578-4AEC-B62A-E5527F1B4052}.Debug|ARM64.ActiveCfg = Debug|ARM64
		{FF559F39-9578-4AEC-B62A-E5527F1B4052}.Debug|ARM64.Build.0 = Debug|ARM64
		{FF559F39-9578-4AEC-B62A-E5527F1B4052}.Release|ARM64.ActiveCfg = Release|ARM64
		{FF559F39-9578-4AEC-B62A-E5527F1B4052}.Release|ARM64.Build.0 = Release|ARM64
		{FF559F39-9578-4AEC-B62A-E5527F1B4052}.Debug|x86.ActiveCfg = Debug|x86
		{FF559F39-9578-4AEC-B62A-E5527F1B4052}.Debug|x86.Build.0 = Debug|x86
		{FF559F39-9578-4AEC-B62A-E5527F1B4052}.Release|x86.ActiveCfg = Release|x86
		{FF559F39-9578-4AEC-B62A-E5527F1B4052}.Release|x86.Build.0 = Release|x86
		{F528DA91-091D-4243-94B5-511414FD2989}.Release|x64.ActiveCfg = Release|x64
		{F528DA91-091D-4243-94B5-511414FD2989}.Release|x64.Build.0 = Release|x64
		{F528DA91-091D-4243-94B5-511414FD2989}.Debug|x64.ActiveCfg = Debug|x64
		{F528DA91-091D-4243-94B5-511414FD2989}.Debug|x64.Build.0 = Debug|x64
		{F528DA91-091D-4243-94B5-511414FD2989}.Debug|ARM64.ActiveCfg = Debug|ARM64
		{F528DA91-091D-4243-94B5-511414FD2989}.Debug|ARM64.Build.0 = Debug|ARM64
		{F528DA91-091D-4243-94B5-511414FD2989}.Release|ARM64.ActiveCfg = Release|ARM64
		{F528DA91-091D-4243-94B5-511414FD2989}.Release|ARM64.Build.0 = Release|ARM64
		{F528DA91-091D-4243-94B5-511414FD2989}.Debug|x86.ActiveCfg = Debug|x86
		{F528DA91-091D-4243-94B5-511414FD2989}.Debug|x86.Build.0 = Debug|x86
		{F528DA91-091D-4243-94B5-511414FD2989}.Release|x86.ActiveCfg = Release|x86
		{F528DA91-091D-4243-94B5-511414FD2989}.Release|x86.Build.0 = Release|x86
	EndGlobalSection
EndGlobal
